
Microsoft Visual Studio Solution File, Format Version 12.00
# Visual Studio Version 17
VisualStudioVersion = 17.14.36518.9 d17.14
MinimumVisualStudioVersion = 10.0.40219.1
Project("{8BC9CEB8-8B4A-11D0-8D11-00A0C91BC942}") = "Labtask", "Labtask\Labtask.vcxproj", "{F4FEE866-03DF-433E-A760-C9200F1B8232}"
EndProject
Global
	GlobalSection(SolutionConfigurationPlatforms) = preSolution
		Debug|x64 = Debug|x64
		Debug|x86 = Debug|x86
		Release|x64 = Release|x64
		Release|x86 = Release|x86
	EndGlobalSection
	GlobalSection(ProjectConfigurationPlatforms) = postSolution
		{F4FEE866-03DF-433E-A760-C9200F1B8232}.Debug|x64.ActiveCfg = Debug|x64
		{F4FEE866-03DF-433E-A760-C9200F1B8232}.Debug|x64.Build.0 = Debug|x64
		{F4FEE866-03DF-433E-A760-C9200F1B8232}.Debug|x86.ActiveCfg = Debug|Win32
		{F4FEE866-03DF-433E-A760-C9200F1B8232}.Debug|x86.Build.0 = Debug|Win32
		{F4FEE866-03DF-433E-A760-C9200F1B8232}.Release|x64.ActiveCfg = Release|x64
		{F4FEE866-03DF-433E-A760-C9200F1B8232}.Release|x64.Build.0 = Release|x64
		{F4FEE866-03DF-433E-A760-C9200F1B8232}.Release|x86.ActiveCfg = Release|Win32
		{F4FEE866-03DF-433E-A760-C9200F1B8232}.Release|x86.Build.0 = Release|Win32
	EndGlobalSection
	GlobalSection(SolutionProperties) = preSolution
		HideSolutionNode = FALSE
	EndGlobalSection
	GlobalSection(ExtensibilityGlobals) = postSolution
		SolutionGuid = {F10E978D-9322-4AEE-B1B0-696C9C06C5F3}
	EndGlobalSection
EndGlobal
